<?xml version="1.0" encoding="utf-8"?>
<Project ToolsVersion="4.0" xmlns="http://schemas.microsoft.com/developer/msbuild/2003">
  <ItemGroup>
    <Filter Include="Source Files">
      <UniqueIdentifier>{4FC737F1-C7A5-4376-A066-2A32D752A2FF}</UniqueIdentifier>
      <Extensions>cpp;c;cc;cxx;c++;cppm;ixx;def;odl;idl;hpj;bat;asm;asmx</Extensions>
    </Filter>
    <Filter Include="Header Files">
      <UniqueIdentifier>{93995380-89BD-4b04-88EB-625FBE52EBFB}</UniqueIdentifier>
      <Extensions>h;hh;hpp;hxx;h++;hm;inl;inc;ipp;xsd</Extensions>
    </Filter>
    <Filter Include="Resource Files">
      <UniqueIdentifier>{67DA6AB6-F800-4c08-8B7A-83BB121AAD01}</UniqueIdentifier>
      <Extensions>rc;ico;cur;bmp;dlg;rc2;rct;bin;rgs;gif;jpg;jpeg;jpe;resx;tiff;tif;png;wav;mfcribbon-ms</Extensions>
    </Filter>
  </ItemGroup>
  <ItemGroup>
    <ClInclude Include="Main_H.h">
      <Filter>Header Files</Filter>
    </ClInclude>
    <ClInclude Include="program.h">
      <Filter>Header Files</Filter>
    </ClInclude>
    <ClInclude Include="UI\Head.h">
      <Filter>Header Files</Filter>
    </ClInclude>
    <ClInclude Include="pages.H\login_page.h">
      <Filter>Header Files</Filter>
    </ClInclude>
    <ClInclude Include="classes\company.h">
      <Filter>Header Files</Filter>
    </ClInclude>
    <ClInclude Include="pages.H\password_page.h">
      <Filter>Header Files</Filter>
    </ClInclude>
    <ClInclude Include="classes\employee.h">
      <Filter>Header Files</Filter>
    </ClInclude>
    <ClInclude Include="classes\Appsystem.h">
      <Filter>Header Files</Filter>
    </ClInclude>
    <ClInclude Include="pages.H\system_admin.h">
      <Filter>Header Files</Filter>
    </ClInclude>
  </ItemGroup>
  <ItemGroup>
    <ClCompile Include="program.cpp">
      <Filter>Source Files</Filter>
    </ClCompile>
    <ClCompile Include="UI\Head.cpp">
      <Filter>Source Files</Filter>
    </ClCompile>
    <ClCompile Include="pages.cpp\login_page.cpp">
      <Filter>Source Files</Filter>
    </ClCompile>
    <ClCompile Include="classes\company.cpp">
      <Filter>Source Files</Filter>
    </ClCompile>
    <ClCompile Include="pages.cpp\password_page.cpp">
      <Filter>Source Files</Filter>
    </ClCompile>
    <ClCompile Include="classes\employee.cpp">
      <Filter>Source Files</Filter>
    </ClCompile>
    <ClCompile Include="classes\Appsystem.cpp">
      <Filter>Source Files</Filter>
    </ClCompile>
    <ClCompile Include="pages.cpp\system_admin.cpp">
      <Filter>Source Files</Filter>
    </ClCompile>
    <ClCompile Include="pages.cpp\system_admin_home_ui.cpp">
      <Filter>Source Files</Filter>
    </ClCompile>
    <ClCompile Include="pages.cpp\system_admin_addcompany_ui.cpp">
      <Filter>Source Files</Filter>
    </ClCompile>
    <ClCompile Include="pages.cpp\edit_company_ui.cpp">
      <Filter>Source Files</Filter>
    </ClCompile>
    <ClCompile Include="pages.cpp\setting_ui.cpp">
      <Filter>Source Files</Filter>
    </ClCompile>
    <ClCompile Include="pages.cpp\add_emp_page.cpp">
      <Filter>Source Files</Filter>
    </ClCompile>
    <ClCompile Include="pages.cpp\delete_emp_page.cpp">
      <Filter>Source Files</Filter>
    </ClCompile>
    <ClCompile Include="pages.cpp\admins.cpp">
      <Filter>Source Files</Filter>
    </ClCompile>
    <ClCompile Include="pages.cpp\staff_page.cpp">
      <Filter>Source Files</Filter>
    </ClCompile>
  </ItemGroup>
  <ItemGroup>
    <Text Include="zdata.txt" />
    <Text Include="ztoken.txt" />
    <Text Include="zreport.txt" />
  </ItemGroup>
</Project>